dependencies:
  espressif/esp_jpeg:
    component_hash: defb83669293cbf86d0fa86b475ba5517aceed04ed70db435388c151ab37b5d7
    dependencies:
    - name: idf
      require: private
      version: '>=5.0'
    source:
      registry_url: https://components.espressif.com/
      type: service
    version: 1.3.1
  idf:
    source:
      type: idf
    version: 5.5.1
direct_dependencies:
- espressif/esp_jpeg
manifest_hash: 58880dd18ca68c654e5b57c56043ef6b1666cfc4dc75a4ab2e86342d6eb33aed
target: esp32s3
version: 2.0.0
